
Microsoft Visual Studio Solution File, Format Version 12.00
# Visual Studio Version 16
VisualStudioVersion = 16.0.30104.148
MinimumVisualStudioVersion = 10.0.40219.1
Project("{9A19103F-16F7-4668-BE54-9A1E7A4F7556}") = "TplDemo", "TplDemo\TplDemo.csproj", "{59C65364-DD32-4BCB-A562-73C5F86C0BFF}"
EndProject
Project("{9A19103F-16F7-4668-BE54-9A1E7A4F7556}") = "TplDemo.Extensions", "Tpl.Extensions\TplDemo.Extensions.csproj", "{8672600E-E44E-4C71-BB11-E1F9CEE2563D}"
EndProject
Project("{9A19103F-16F7-4668-BE54-9A1E7A4F7556}") = "TplDemo.Comment", "TplDemo.Comment\TplDemo.Comment.csproj", "{DB3C66AA-412E-486E-8F10-4A30E022CD8A}"
EndProject
Project("{2150E333-8FDC-42A3-9474-1A3956D46DE8}") = ".template.config", ".template.config", "{DF2680D9-C508-4AF3-BFBC-026387C87FC9}"
	ProjectSection(SolutionItems) = preProject
		.template.config\templaet.md = .template.config\templaet.md
		.template.config\template.json = .template.config\template.json
	EndProjectSection
EndProject
Global
	GlobalSection(SolutionConfigurationPlatforms) = preSolution
		Debug|Any CPU = Debug|Any CPU
		Release|Any CPU = Release|Any CPU
	EndGlobalSection
	GlobalSection(ProjectConfigurationPlatforms) = postSolution
		{59C65364-DD32-4BCB-A562-73C5F86C0BFF}.Debug|Any CPU.ActiveCfg = Debug|Any CPU
		{59C65364-DD32-4BCB-A562-73C5F86C0BFF}.Debug|Any CPU.Build.0 = Debug|Any CPU
		{59C65364-DD32-4BCB-A562-73C5F86C0BFF}.Release|Any CPU.ActiveCfg = Release|Any CPU
		{59C65364-DD32-4BCB-A562-73C5F86C0BFF}.Release|Any CPU.Build.0 = Release|Any CPU
		{8672600E-E44E-4C71-BB11-E1F9CEE2563D}.Debug|Any CPU.ActiveCfg = Debug|Any CPU
		{8672600E-E44E-4C71-BB11-E1F9CEE2563D}.Debug|Any CPU.Build.0 = Debug|Any CPU
		{8672600E-E44E-4C71-BB11-E1F9CEE2563D}.Release|Any CPU.ActiveCfg = Release|Any CPU
		{8672600E-E44E-4C71-BB11-E1F9CEE2563D}.Release|Any CPU.Build.0 = Release|Any CPU
		{DB3C66AA-412E-486E-8F10-4A30E022CD8A}.Debug|Any CPU.ActiveCfg = Debug|Any CPU
		{DB3C66AA-412E-486E-8F10-4A30E022CD8A}.Debug|Any CPU.Build.0 = Debug|Any CPU
		{DB3C66AA-412E-486E-8F10-4A30E022CD8A}.Release|Any CPU.ActiveCfg = Release|Any CPU
		{DB3C66AA-412E-486E-8F10-4A30E022CD8A}.Release|Any CPU.Build.0 = Release|Any CPU
	EndGlobalSection
	GlobalSection(SolutionProperties) = preSolution
		HideSolutionNode = FALSE
	EndGlobalSection
	GlobalSection(ExtensibilityGlobals) = postSolution
		SolutionGuid = {24A15888-9E55-44F4-AC8C-3E3C942EF720}
	EndGlobalSection
EndGlobal
